{
  "name": "testessql",
  "version": "1.0.0",
  "lockfileVersion": 2,
  "requires": true,
  "packages": {
    "": {
      "name": "testessql",
      "version": "1.0.0",
      "license": "ISC",
      "devDependencies": {
        "@types/readline-sync": "^1.4.6"
      }
    },
    "node_modules/@types/readline-sync": {
      "version": "1.4.6",
      "resolved": "https://registry.npmjs.org/@types/readline-sync/-/readline-sync-1.4.6.tgz",
      "integrity": "sha512-PdvRkoeM8EYvm3XDj139uyqeYzbOSF+ytyDKuBUXqpf80NBRUtZWQm4qfFw8mhj34f+HIxWPghFnPUTlEi48Bg==",
      "dev": true
    }
  },
  "dependencies": {
    "@types/readline-sync": {
      "version": "1.4.6",
      "resolved": "https://registry.npmjs.org/@types/readline-sync/-/readline-sync-1.4.6.tgz",
      "integrity": "sha512-PdvRkoeM8EYvm3XDj139uyqeYzbOSF+ytyDKuBUXqpf80NBRUtZWQm4qfFw8mhj34f+HIxWPghFnPUTlEi48Bg==",
      "dev": true
    }
  }
}
